
Microsoft Visual Studio Solution File, Format Version 12.00
# Visual Studio 15
VisualStudioVersion = 15.0.27004.2006
MinimumVisualStudioVersion = 10.0.40219.1
Project("{FAE04EC0-301F-11D3-BF4B-00C04F79EFBC}") = "PatternsExample.Shared", "PatternsExample.Shared\PatternsExample.Shared.csproj", "{C7DA84FC-698F-448D-ABB3-390643A60B1C}"
EndProject
Project("{FAE04EC0-301F-11D3-BF4B-00C04F79EFBC}") = "PatternsExample.Examples", "PatternsExample.Examples\PatternsExample.Examples.csproj", "{24349C32-A7F6-4DDF-82AB-2A81AE5B10A2}"
EndProject
Project("{FAE04EC0-301F-11D3-BF4B-00C04F79EFBC}") = "PatternsExample.Test", "PatternsExample.Test\PatternsExample.Test.csproj", "{42CF2683-3582-4D34-A02F-9AEC6DB9DDDD}"
EndProject
Global
	GlobalSection(SolutionConfigurationPlatforms) = preSolution
		Debug|Any CPU = Debug|Any CPU
		Release|Any CPU = Release|Any CPU
	EndGlobalSection
	GlobalSection(ProjectConfigurationPlatforms) = postSolution
		{C7DA84FC-698F-448D-ABB3-390643A60B1C}.Debug|Any CPU.ActiveCfg = Debug|Any CPU
		{C7DA84FC-698F-448D-ABB3-390643A60B1C}.Debug|Any CPU.Build.0 = Debug|Any CPU
		{C7DA84FC-698F-448D-ABB3-390643A60B1C}.Release|Any CPU.ActiveCfg = Release|Any CPU
		{C7DA84FC-698F-448D-ABB3-390643A60B1C}.Release|Any CPU.Build.0 = Release|Any CPU
		{24349C32-A7F6-4DDF-82AB-2A81AE5B10A2}.Debug|Any CPU.ActiveCfg = Debug|Any CPU
		{24349C32-A7F6-4DDF-82AB-2A81AE5B10A2}.Debug|Any CPU.Build.0 = Debug|Any CPU
		{24349C32-A7F6-4DDF-82AB-2A81AE5B10A2}.Release|Any CPU.ActiveCfg = Release|Any CPU
		{24349C32-A7F6-4DDF-82AB-2A81AE5B10A2}.Release|Any CPU.Build.0 = Release|Any CPU
		{42CF2683-3582-4D34-A02F-9AEC6DB9DDDD}.Debug|Any CPU.ActiveCfg = Debug|Any CPU
		{42CF2683-3582-4D34-A02F-9AEC6DB9DDDD}.Debug|Any CPU.Build.0 = Debug|Any CPU
		{42CF2683-3582-4D34-A02F-9AEC6DB9DDDD}.Release|Any CPU.ActiveCfg = Release|Any CPU
		{42CF2683-3582-4D34-A02F-9AEC6DB9DDDD}.Release|Any CPU.Build.0 = Release|Any CPU
	EndGlobalSection
	GlobalSection(SolutionProperties) = preSolution
		HideSolutionNode = FALSE
	EndGlobalSection
	GlobalSection(ExtensibilityGlobals) = postSolution
		SolutionGuid = {1EECB8EE-D3D6-4314-948F-4E8BF8867E4E}
	EndGlobalSection
EndGlobal
